
Microsoft Visual Studio Solution File, Format Version 12.00
# Visual Studio Version 17
VisualStudioVersion = 17.1.32328.378
MinimumVisualStudioVersion = 10.0.40219.1
Project("{2150E333-8FDC-42A3-9474-1A3956D46DE8}") = "1 - Application", "1 - Application", "{AB7FCA28-D720-4970-A468-651FFDDF9D89}"
EndProject
Project("{2150E333-8FDC-42A3-9474-1A3956D46DE8}") = "2 - Domain", "2 - Domain", "{FB715BFB-E40C-4AFA-874C-0C569040C9E1}"
EndProject
Project("{2150E333-8FDC-42A3-9474-1A3956D46DE8}") = "3 - Service", "3 - Service", "{F0A7C3B8-BCBB-43F3-9F10-92C8EEB1005C}"
EndProject
Project("{2150E333-8FDC-42A3-9474-1A3956D46DE8}") = "4 - Infra", "4 - Infra", "{4C02212A-B41E-4D1B-9044-DD612CC562C0}"
EndProject
Project("{2150E333-8FDC-42A3-9474-1A3956D46DE8}") = "6 - CrossCutting", "6 - CrossCutting", "{D631CF3E-2312-48FB-8846-1B0FEAF765D8}"
EndProject
Project("{9A19103F-16F7-4668-BE54-9A1E7A4F7556}") = "Blinks.Project.Domain", "Blinks.Project.Domain\Blinks.Project.Domain.csproj", "{5D3029C8-19F5-4D92-BCBD-22FCAADAEA31}"
EndProject
Project("{9A19103F-16F7-4668-BE54-9A1E7A4F7556}") = "Blinks.Project.Service", "Blinks.Project.Service\Blinks.Project.Service.csproj", "{F9329C6E-88D8-4771-900F-603610FA3103}"
EndProject
Project("{9A19103F-16F7-4668-BE54-9A1E7A4F7556}") = "Blinks.Project.Infra", "Blinks.Project.Infra\Blinks.Project.Infra.csproj", "{F411D205-51E0-45EA-ACCA-57B76FE557B8}"
EndProject
Project("{2150E333-8FDC-42A3-9474-1A3956D46DE8}") = "5 - Data", "5 - Data", "{97EB09C1-FB77-4261-98CC-BA109C45A540}"
EndProject
Project("{9A19103F-16F7-4668-BE54-9A1E7A4F7556}") = "Blinks.Project.Data", "Blinks.Project.Data\Blinks.Project.Data.csproj", "{A118C27D-BAA8-49AD-97F3-7723C5652841}"
EndProject
Project("{9A19103F-16F7-4668-BE54-9A1E7A4F7556}") = "Blinks.Project.CrossCutting", "Blinks.Project.CrossCutting\Blinks.Project.CrossCutting.csproj", "{7E3A2AD8-002F-4F26-A756-7E574F9CF83D}"
EndProject
Project("{2150E333-8FDC-42A3-9474-1A3956D46DE8}") = "0 - Presentation", "0 - Presentation", "{3665E816-505E-4D07-9307-0B3DCE920AC6}"
EndProject
Project("{9A19103F-16F7-4668-BE54-9A1E7A4F7556}") = "WB1", "WB1\WB1.csproj", "{9C304280-6F4C-4831-A2F7-30E369EE9738}"
EndProject
Project("{FAE04EC0-301F-11D3-BF4B-00C04F79EFBC}") = "Blinks.Project.Application", "Blinks.Project.Application\Blinks.Project.Application.csproj", "{D1994D67-8B84-4AC1-AB6F-B6FC795071B2}"
EndProject
Global
	GlobalSection(SolutionConfigurationPlatforms) = preSolution
		Debug|Any CPU = Debug|Any CPU
		Release|Any CPU = Release|Any CPU
	EndGlobalSection
	GlobalSection(ProjectConfigurationPlatforms) = postSolution
		{5D3029C8-19F5-4D92-BCBD-22FCAADAEA31}.Debug|Any CPU.ActiveCfg = Debug|Any CPU
		{5D3029C8-19F5-4D92-BCBD-22FCAADAEA31}.Debug|Any CPU.Build.0 = Debug|Any CPU
		{5D3029C8-19F5-4D92-BCBD-22FCAADAEA31}.Release|Any CPU.ActiveCfg = Release|Any CPU
		{5D3029C8-19F5-4D92-BCBD-22FCAADAEA31}.Release|Any CPU.Build.0 = Release|Any CPU
		{F9329C6E-88D8-4771-900F-603610FA3103}.Debug|Any CPU.ActiveCfg = Debug|Any CPU
		{F9329C6E-88D8-4771-900F-603610FA3103}.Debug|Any CPU.Build.0 = Debug|Any CPU
		{F9329C6E-88D8-4771-900F-603610FA3103}.Release|Any CPU.ActiveCfg = Release|Any CPU
		{F9329C6E-88D8-4771-900F-603610FA3103}.Release|Any CPU.Build.0 = Release|Any CPU
		{F411D205-51E0-45EA-ACCA-57B76FE557B8}.Debug|Any CPU.ActiveCfg = Debug|Any CPU
		{F411D205-51E0-45EA-ACCA-57B76FE557B8}.Debug|Any CPU.Build.0 = Debug|Any CPU
		{F411D205-51E0-45EA-ACCA-57B76FE557B8}.Release|Any CPU.ActiveCfg = Release|Any CPU
		{F411D205-51E0-45EA-ACCA-57B76FE557B8}.Release|Any CPU.Build.0 = Release|Any CPU
		{A118C27D-BAA8-49AD-97F3-7723C5652841}.Debug|Any CPU.ActiveCfg = Debug|Any CPU
		{A118C27D-BAA8-49AD-97F3-7723C5652841}.Debug|Any CPU.Build.0 = Debug|Any CPU
		{A118C27D-BAA8-49AD-97F3-7723C5652841}.Release|Any CPU.ActiveCfg = Release|Any CPU
		{A118C27D-BAA8-49AD-97F3-7723C5652841}.Release|Any CPU.Build.0 = Release|Any CPU
		{7E3A2AD8-002F-4F26-A756-7E574F9CF83D}.Debug|Any CPU.ActiveCfg = Debug|Any CPU
		{7E3A2AD8-002F-4F26-A756-7E574F9CF83D}.Debug|Any CPU.Build.0 = Debug|Any CPU
		{7E3A2AD8-002F-4F26-A756-7E574F9CF83D}.Release|Any CPU.ActiveCfg = Release|Any CPU
		{7E3A2AD8-002F-4F26-A756-7E574F9CF83D}.Release|Any CPU.Build.0 = Release|Any CPU
		{9C304280-6F4C-4831-A2F7-30E369EE9738}.Debug|Any CPU.ActiveCfg = Debug|Any CPU
		{9C304280-6F4C-4831-A2F7-30E369EE9738}.Debug|Any CPU.Build.0 = Debug|Any CPU
		{9C304280-6F4C-4831-A2F7-30E369EE9738}.Release|Any CPU.ActiveCfg = Release|Any CPU
		{9C304280-6F4C-4831-A2F7-30E369EE9738}.Release|Any CPU.Build.0 = Release|Any CPU
		{D1994D67-8B84-4AC1-AB6F-B6FC795071B2}.Debug|Any CPU.ActiveCfg = Debug|Any CPU
		{D1994D67-8B84-4AC1-AB6F-B6FC795071B2}.Debug|Any CPU.Build.0 = Debug|Any CPU
		{D1994D67-8B84-4AC1-AB6F-B6FC795071B2}.Release|Any CPU.ActiveCfg = Release|Any CPU
		{D1994D67-8B84-4AC1-AB6F-B6FC795071B2}.Release|Any CPU.Build.0 = Release|Any CPU
	EndGlobalSection
	GlobalSection(SolutionProperties) = preSolution
		HideSolutionNode = FALSE
	EndGlobalSection
	GlobalSection(NestedProjects) = preSolution
		{5D3029C8-19F5-4D92-BCBD-22FCAADAEA31} = {FB715BFB-E40C-4AFA-874C-0C569040C9E1}
		{F9329C6E-88D8-4771-900F-603610FA3103} = {F0A7C3B8-BCBB-43F3-9F10-92C8EEB1005C}
		{F411D205-51E0-45EA-ACCA-57B76FE557B8} = {4C02212A-B41E-4D1B-9044-DD612CC562C0}
		{A118C27D-BAA8-49AD-97F3-7723C5652841} = {97EB09C1-FB77-4261-98CC-BA109C45A540}
		{7E3A2AD8-002F-4F26-A756-7E574F9CF83D} = {D631CF3E-2312-48FB-8846-1B0FEAF765D8}
		{9C304280-6F4C-4831-A2F7-30E369EE9738} = {3665E816-505E-4D07-9307-0B3DCE920AC6}
		{D1994D67-8B84-4AC1-AB6F-B6FC795071B2} = {AB7FCA28-D720-4970-A468-651FFDDF9D89}
	EndGlobalSection
	GlobalSection(ExtensibilityGlobals) = postSolution
		SolutionGuid = {0E9FC362-77B6-41D9-A2EB-A20C3063130A}
	EndGlobalSection
EndGlobal
